github.com/alecthomas/assert/v2 v2.3.0 h1:mAsH2wmvjsuvyBvAmCtm7zFsBlb8mIHx5ySLVdDZXL0=
github.com/alecthomas/participle/v2 v2.1.1 h1:hrjKESvSqGHzRb4yW1ciisFJ4p3MGYih6icjJvbsmV8=
github.com/alecthomas/participle/v2 v2.1.1/go.mod h1:Y1+hAs8DHPmc3YUFzqllV+eSQ9ljPTk0ZkPMtEdAx2c=
github.com/alecthomas/repr v0.2.0 h1:HAzS41CIzNW5syS8Mf9UwXhNH1J9aix/BvDRf1Ml2Yk=
github.com/davecgh/go-spew v1.1.2-0.20180830191138-d8f796af33cc h1:U9qPSI2PIWSS1VwoXQT9A3Wy9MM3WgvqSxFWenqJduM=
github.com/davecgh/go-spew v1.1.2-0.20180830191138-d8f796af33cc/go.mod h1:J7Y8YcW2NihsgmVo/mv3lAwl/skON4iLHjSsI+c5H38=
github.com/expgo/enum v0.0.0-20240412062344-c2520b6c072e h1:KUf3OEZEeiJcjh1bDJVEHBkyLNa/oKzaPh5Rxi+SesA=
github.com/expgo/enum v0.0.0-20240412062344-c2520b6c072e/go.mod h1:wCayluqY5IyXi2KzNnlwwjptdfNV6I4wvfuTXh4Z8ZU=
github.com/expgo/factory v0.0.0-20240412041835-c68177306968 h1:ZMDV0ptTpp4FhtmgykKxrvq22MayzR4TZ4k5zmcDU+E=
github.com/expgo/factory v0.0.0-20240412041835-c68177306968/go.mod h1:hg8tUymtbA04jai8PwCAz0+kI+UN0wMeXbw3/FLR1qM=
github.com/expgo/factory v0.0.0-20240415022725-b6c04a9ac050 h1:oS3h4wVCnwEooyGC+lkkOYbnO2H3mCh+vfe4EFZpzD0=
github.com/expgo/factory v0.0.0-20240415022725-b6c04a9ac050/go.mod h1:8QWULiOcgFPmC6h8ZXpFG5hxrkaw0ZGKG0skR4EbEX4=
github.com/expgo/generic v0.0.0-20240410123247-e162144797ca h1:/+jU23qxfKaI7NLQ+1Ut7wR7o2ccg4SYLGERnobFpo4=
github.com/expgo/generic v0.0.0-20240410123247-e162144797ca/go.mod h1:Q3Y49UmlJcsKsmbWI6VA4+Z+N66PfJcSOPM+XC/N1y8=
github.com/expgo/log v0.0.0-20240412060431-bd197ac46bef h1:DShOCqb6P2+Ld0RmrxXf0e66MMgZhixpiPc3MEUWRzQ=
github.com/expgo/log v0.0.0-20240412060431-bd197ac46bef/go.mod h1:rNLjCPXpVvusYdtuHkBICQ3uPmGlVkbbbWq+kvFvH0w=
github.com/expgo/structure v0.0.0-20240409145933-0849cfa62db1 h1:2fcKSKZlBBibWukb7aXbGk7SGVxZSPM1JbwVKtZjp7M=
github.com/expgo/structure v0.0.0-20240409145933-0849cfa62db1/go.mod h1:5vmNK2QGUV0oovMingawA6CdIIZxKhLjxxq3GLxDNXI=
github.com/expgo/sync v0.0.0-20240414145156-d9bdfe3aca0d h1:mEUX3d2EqdAtYysiqWKLbXfMk0mUidB+DoujPizIKwc=
github.com/expgo/sync v0.0.0-20240414145156-d9bdfe3aca0d/go.mod h1:xsnlCFzkJVsSErRFz2usJhsbY6p6txA7L/rj2XgWyNI=
github.com/expr-lang/expr v1.16.4 h1:1Mq5RHw5T5jxXMUvyb+eT546mJREm1yFyNHkybYQ81c=
github.com/expr-lang/expr v1.16.4/go.mod h1:uCkhfG+x7fcZ5A5sXHKuQ07jGZRl6J0FCAaf2k4PtVQ=
github.com/google/go-cmp v0.6.0 h1:ofyhxvXcZhMsU5ulbFiLKl/XBFqE1GSq7atu8tAmTRI=
github.com/google/go-cmp v0.6.0/go.mod h1:17dUlkBOakJ0+DkrSSNjCkIjxS6bF9zb3elmeNGIjoY=
github.com/hexops/gotextdiff v1.0.3 h1:gitA9+qJrrTCsiCl7+kh75nPqQt1cx4ZkudSTLoUqJM=
github.com/iancoleman/strcase v0.3.0 h1:nTXanmYxhfFAMjZL34Ov6gkzEsSJZ5DbhxWjvSASxEI=
github.com/iancoleman/strcase v0.3.0/go.mod h1:iwCmte+B7n89clKwxIoIXy/HfoL7AsD47ZCWhYzw7ho=
github.com/petermattis/goid v0.0.0-20180202154549-b0b1615b78e5/go.mod h1:jvVRKCrJTQWu0XVbaOlby/2lO20uSCHEMzzplHXte1o=
github.com/petermattis/goid v0.0.0-20240327183114-c42a807a84ba h1:3jPgmsFGBID1wFfU2AbYocNcN4wqU68UaHSdMjiw/7U=
github.com/petermattis/goid v0.0.0-20240327183114-c42a807a84ba/go.mod h1:pxMtw7cyUw6B2bRH0ZBANSPg+AoSud1I1iyJHI69jH4=
github.com/pmezard/go-difflib v1.0.1-0.20181226105442-5d4384ee4fb2 h1:Jamvg5psRIccs7FGNTlIRMkT8wgtp5eCXdBlqhYGL6U=
github.com/pmezard/go-difflib v1.0.1-0.20181226105442-5d4384ee4fb2/go.mod h1:iKH77koFhYxTK1pcRnkKkqfTogsbg7gZNVY4sRDYZ/4=
github.com/sasha-s/go-deadlock v0.3.1 h1:sqv7fDNShgjcaxkO0JNcOAlr8B9+cV5Ey/OB71efZx0=
github.com/sasha-s/go-deadlock v0.3.1/go.mod h1:F73l+cr82YSh10GxyRI6qZiCgK64VaZjwesgfQ1/iLM=
github.com/stretchr/testify v1.9.0 h1:HtqpIVDClZ4nwg75+f6Lvsy/wHu+3BoSGCbBAcpTsTg=
github.com/stretchr/testify v1.9.0/go.mod h1:r2ic/lqez/lEtzL7wO/rwa5dbSLXVDPFyf8C91i36aY=
golang.org/x/mod v0.17.0 h1:zY54UmvipHiNd+pm+m0x9KhZ9hl1/7QNMyxXbc6ICqA=
golang.org/x/mod v0.17.0/go.mod h1:hTbmBsO62+eylJbnUtE2MGJUyE7QWk4xUqPFrRgJ+7c=
golang.org/x/tools v0.19.0 h1:tfGCXNR1OsFG+sVdLAitlpjAvD/I6dHDKnYrpEZUHkw=
golang.org/x/tools v0.19.0/go.mod h1:qoJWxmGSIBmAeriMx19ogtrEPrGtDbPK634QFIcLAhc=
gopkg.in/check.v1 v0.0.0-20161208181325-20d25e280405 h1:yhCVgyC4o1eVCa2tZl7eS0r+SDo693bJlVdllGtEeKM=
gopkg.in/check.v1 v0.0.0-20161208181325-20d25e280405/go.mod h1:Co6ibVJAznAaIkqp8huTwlJQCZ016jof/cbN4VW5Yz0=
gopkg.in/yaml.v3 v3.0.1 h1:fxVm/GzAzEWqLHuvctI91KS9hhNmmWOoWu0XTYJS7CA=
gopkg.in/yaml.v3 v3.0.1/go.mod h1:K4uyk7z7BCEPqu6E+C64Yfv1cQ7kz7rIZviUmN+EgEM=
